// !$*UTF8*$!
{
	archiveVersion = 1;
	classes = {
	};
	objectVersion = 51;
	objects = {

/* Begin PBXBuildFile section */
		31093F9D23CFA6B40025679A /* LoginViewController.swift in Sources */ = {isa = PBXBuildFile; fileRef = 31093F9C23CFA6B40025679A /* LoginViewController.swift */; };
		311BA35624B8AC1700CE1BD9 /* TaskGarbageAmountFormViewController.swift in Sources */ = {isa = PBXBuildFile; fileRef = 311BA35524B8AC1700CE1BD9 /* TaskGarbageAmountFormViewController.swift */; };
		311BA35824B8B08B00CE1BD9 /* TaskAmount.swift in Sources */ = {isa = PBXBuildFile; fileRef = 311BA35724B8B08B00CE1BD9 /* TaskAmount.swift */; };
		311BA35A24B8BB5700CE1BD9 /* ReportAdminFormViewController.swift in Sources */ = {isa = PBXBuildFile; fileRef = 311BA35924B8BB5700CE1BD9 /* ReportAdminFormViewController.swift */; };
		311BA35C24B8BF6900CE1BD9 /* TaskReport.swift in Sources */ = {isa = PBXBuildFile; fileRef = 311BA35B24B8BF6900CE1BD9 /* TaskReport.swift */; };
		311BA35E24B8BF8400CE1BD9 /* ReportType.swift in Sources */ = {isa = PBXBuildFile; fileRef = 311BA35D24B8BF8400CE1BD9 /* ReportType.swift */; };
		312E7AC12462A7AD00A73363 /* TaskCollectionsTableViewController.swift in Sources */ = {isa = PBXBuildFile; fileRef = 312E7AC02462A7AD00A73363 /* TaskCollectionsTableViewController.swift */; };
		312E9A2A242A39980073D165 /* CollectionPointMasterViewController.swift in Sources */ = {isa = PBXBuildFile; fileRef = 312E9A29242A39980073D165 /* CollectionPointMasterViewController.swift */; };
		312E9A2D242A39F10073D165 /* CollectionPointDetailViewController.swift in Sources */ = {isa = PBXBuildFile; fileRef = 312E9A2C242A39F10073D165 /* CollectionPointDetailViewController.swift */; };
		313172682445E5D800585B7F /* TaskTableViewController.swift in Sources */ = {isa = PBXBuildFile; fileRef = 313172672445E5D800585B7F /* TaskTableViewController.swift */; };
		3133F2022424BD0A001C158C /* RouteMasterViewController.swift in Sources */ = {isa = PBXBuildFile; fileRef = 3133F2012424BD0A001C158C /* RouteMasterViewController.swift */; };
		3133F2042424BE0F001C158C /* BaseRoute.swift in Sources */ = {isa = PBXBuildFile; fileRef = 3133F2032424BE0F001C158C /* BaseRoute.swift */; };
		3138F1932421F5CC007C7434 /* CollectionPoint.swift in Sources */ = {isa = PBXBuildFile; fileRef = 3138F1922421F5CC007C7434 /* CollectionPoint.swift */; };
		3153653D243F8BD2001ED8C4 /* CollectionPointDraggableAnnotationView.swift in Sources */ = {isa = PBXBuildFile; fileRef = 3153653C243F8BD2001ED8C4 /* CollectionPointDraggableAnnotationView.swift */; };
		31538CF624E44DFC00976EEE /* CustomAnnotationView.swift in Sources */ = {isa = PBXBuildFile; fileRef = 31538CF524E44DFC00976EEE /* CustomAnnotationView.swift */; };
		3154873A247B8CDB00A16100 /* PageViewController.swift in Sources */ = {isa = PBXBuildFile; fileRef = 31548739247B8CDB00A16100 /* PageViewController.swift */; };
		3159198524A0B7BB009D064B /* GarbageButton.swift in Sources */ = {isa = PBXBuildFile; fileRef = 3159198424A0B7BB009D064B /* GarbageButton.swift */; };
		315B21B92499147100257D84 /* TaskCollectionPointPagerCell.swift in Sources */ = {isa = PBXBuildFile; fileRef = 315B21B72499147100257D84 /* TaskCollectionPointPagerCell.swift */; };
		315B21BA2499147100257D84 /* TaskCollectionPointPagerCell.xib in Resources */ = {isa = PBXBuildFile; fileRef = 315B21B82499147100257D84 /* TaskCollectionPointPagerCell.xib */; };
		31685D3F24A3738600073493 /* TaskCollectionPointsNotifications.swift in Sources */ = {isa = PBXBuildFile; fileRef = 31685D3E24A3738600073493 /* TaskCollectionPointsNotifications.swift */; };
		316D774B24B66A880074549A /* ReportAdminTableViewController.swift in Sources */ = {isa = PBXBuildFile; fileRef = 316D774A24B66A880074549A /* ReportAdminTableViewController.swift */; };
		316D774E24B66DD60074549A /* TaskGarbageAmountTableViewController.swift in Sources */ = {isa = PBXBuildFile; fileRef = 316D774D24B66DD60074549A /* TaskGarbageAmountTableViewController.swift */; };
		317325D62484C2EA00799BD5 /* TaskNavigationViewController.swift in Sources */ = {isa = PBXBuildFile; fileRef = 317325D52484C2EA00799BD5 /* TaskNavigationViewController.swift */; };
		317E230223C6306C00F8F0C1 /* AppDelegate.swift in Sources */ = {isa = PBXBuildFile; fileRef = 317E230123C6306C00F8F0C1 /* AppDelegate.swift */; };
		317E230423C6306C00F8F0C1 /* SceneDelegate.swift in Sources */ = {isa = PBXBuildFile; fileRef = 317E230323C6306C00F8F0C1 /* SceneDelegate.swift */; };
		317E230B23C6306C00F8F0C1 /* Main.storyboard in Resources */ = {isa = PBXBuildFile; fileRef = 317E230923C6306C00F8F0C1 /* Main.storyboard */; };
		317E230D23C6306D00F8F0C1 /* Assets.xcassets in Resources */ = {isa = PBXBuildFile; fileRef = 317E230C23C6306D00F8F0C1 /* Assets.xcassets */; };
		317E231023C6306D00F8F0C1 /* LaunchScreen.storyboard in Resources */ = {isa = PBXBuildFile; fileRef = 317E230E23C6306D00F8F0C1 /* LaunchScreen.storyboard */; };
		317E231B23C6306D00F8F0C1 /* hirouTests.swift in Sources */ = {isa = PBXBuildFile; fileRef = 317E231A23C6306D00F8F0C1 /* hirouTests.swift */; };
		317E232623C6306D00F8F0C1 /* hirouUITests.swift in Sources */ = {isa = PBXBuildFile; fileRef = 317E232523C6306D00F8F0C1 /* hirouUITests.swift */; };
		31803C2C24AC735D00B8D1C8 /* ImagePicker.swift in Sources */ = {isa = PBXBuildFile; fileRef = 31803C2B24AC735D00B8D1C8 /* ImagePicker.swift */; };
		319035112442731A0020E152 /* CollectionPointPointAnnotation.swift in Sources */ = {isa = PBXBuildFile; fileRef = 319035102442731A0020E152 /* CollectionPointPointAnnotation.swift */; };
		31920C9C241C074A00A55403 /* RouteDetailViewController.swift in Sources */ = {isa = PBXBuildFile; fileRef = 31920C9B241C074A00A55403 /* RouteDetailViewController.swift */; };
		31920C9F241CD5D900A55403 /* Location.swift in Sources */ = {isa = PBXBuildFile; fileRef = 31920C9E241CD5D900A55403 /* Location.swift */; };
		31920CA1241CD63600A55403 /* Customer.swift in Sources */ = {isa = PBXBuildFile; fileRef = 31920CA0241CD63600A55403 /* Customer.swift */; };
		31A882A524A38A2500C3A692 /* CollectionPointsNotifications.swift in Sources */ = {isa = PBXBuildFile; fileRef = 31A882A424A38A2500C3A692 /* CollectionPointsNotifications.swift */; };
		31B09589248F75FC00D560B0 /* Environment.swift in Sources */ = {isa = PBXBuildFile; fileRef = 31B09588248F75FC00D560B0 /* Environment.swift */; };
		31C24F1B2435E6BF000C3206 /* CollectionPointFormViewController.swift in Sources */ = {isa = PBXBuildFile; fileRef = 31C24F1A2435E6BF000C3206 /* CollectionPointFormViewController.swift */; };
		31C5473F2448C7FE00CE0F6C /* TaskDetailViewController.swift in Sources */ = {isa = PBXBuildFile; fileRef = 31C5473E2448C7FE00CE0F6C /* TaskDetailViewController.swift */; };
		31C9AE022480FB4D00161374 /* TaskAddViewController.swift in Sources */ = {isa = PBXBuildFile; fileRef = 31C9AE012480FB4D00161374 /* TaskAddViewController.swift */; };
		31C9AE042481097B00161374 /* DisabledUITextField.swift in Sources */ = {isa = PBXBuildFile; fileRef = 31C9AE032481097B00161374 /* DisabledUITextField.swift */; };
		31CAF1BE254EFB1B006CD083 /* GoogleService-Info.plist in Resources */ = {isa = PBXBuildFile; fileRef = 31CAF1BD254EFB1B006CD083 /* GoogleService-Info.plist */; };
		31CF0A42245A0B8500E0F5DC /* CalendarViewController.swift in Sources */ = {isa = PBXBuildFile; fileRef = 31CF0A41245A0B8500E0F5DC /* CalendarViewController.swift */; };
		31DA88B623F3CF7B00713805 /* Vehicle.swift in Sources */ = {isa = PBXBuildFile; fileRef = 31DA88B523F3CF7B00713805 /* Vehicle.swift */; };
		31EBE46324477F640023305D /* TaskRoute.swift in Sources */ = {isa = PBXBuildFile; fileRef = 31EBE46224477F640023305D /* TaskRoute.swift */; };
		31EBE46524477FE40023305D /* TaskCollectionPoint.swift in Sources */ = {isa = PBXBuildFile; fileRef = 31EBE46424477FE40023305D /* TaskCollectionPoint.swift */; };
		31EBE46724477FED0023305D /* TaskCollection.swift in Sources */ = {isa = PBXBuildFile; fileRef = 31EBE46624477FED0023305D /* TaskCollection.swift */; };
		31F26E38255D42E900D08A6E /* UserDefaultsConstants.swift in Sources */ = {isa = PBXBuildFile; fileRef = 31F26E37255D42E900D08A6E /* UserDefaultsConstants.swift */; };
		31F26E4A255EA25000D08A6E /* APIHeaders.swift in Sources */ = {isa = PBXBuildFile; fileRef = 31F26E49255EA25000D08A6E /* APIHeaders.swift */; };
		31F57D1C243A600A00903F38 /* GarbageTypesTableViewController.swift in Sources */ = {isa = PBXBuildFile; fileRef = 31F57D1B243A600A00903F38 /* GarbageTypesTableViewController.swift */; };
		31F57D1E243A618500903F38 /* Garbage.swift in Sources */ = {isa = PBXBuildFile; fileRef = 31F57D1D243A618500903F38 /* Garbage.swift */; };
		31FB0DB32463BF3500856B4C /* TaskCollectionPointTableViewController.swift in Sources */ = {isa = PBXBuildFile; fileRef = 31FB0DB22463BF3500856B4C /* TaskCollectionPointTableViewController.swift */; };
		58514F6DD549292BFD156FB8 /* Pods_hirou.framework in Frameworks */ = {isa = PBXBuildFile; fileRef = 9AE9740D6C8CD4CA3B0744CD /* Pods_hirou.framework */; };
/* End PBXBuildFile section */

/* Begin PBXContainerItemProxy section */
		317E231723C6306D00F8F0C1 /* PBXContainerItemProxy */ = {
			isa = PBXContainerItemProxy;
			containerPortal = 317E22F623C6306C00F8F0C1 /* Project object */;
			proxyType = 1;
			remoteGlobalIDString = 317E22FD23C6306C00F8F0C1;
			remoteInfo = hirou;
		};
		317E232223C6306D00F8F0C1 /* PBXContainerItemProxy */ = {
			isa = PBXContainerItemProxy;
			containerPortal = 317E22F623C6306C00F8F0C1 /* Project object */;
			proxyType = 1;
			remoteGlobalIDString = 317E22FD23C6306C00F8F0C1;
			remoteInfo = hirou;
		};
/* End PBXContainerItemProxy section */

/* Begin PBXFileReference section */
		09B53D18299FA1A1A9AA36ED /* Pods-hirou.release.xcconfig */ = {isa = PBXFileReference; includeInIndex = 1; lastKnownFileType = text.xcconfig; name = "Pods-hirou.release.xcconfig"; path = "Target Support Files/Pods-hirou/Pods-hirou.release.xcconfig"; sourceTree = "<group>"; };
		31093F9C23CFA6B40025679A /* LoginViewController.swift */ = {isa = PBXFileReference; lastKnownFileType = sourcecode.swift; path = LoginViewController.swift; sourceTree = "<group>"; };
		311BA35524B8AC1700CE1BD9 /* TaskGarbageAmountFormViewController.swift */ = {isa = PBXFileReference; lastKnownFileType = sourcecode.swift; path = TaskGarbageAmountFormViewController.swift; sourceTree = "<group>"; };
		311BA35724B8B08B00CE1BD9 /* TaskAmount.swift */ = {isa = PBXFileReference; lastKnownFileType = sourcecode.swift; path = TaskAmount.swift; sourceTree = "<group>"; };
		311BA35924B8BB5700CE1BD9 /* ReportAdminFormViewController.swift */ = {isa = PBXFileReference; lastKnownFileType = sourcecode.swift; path = ReportAdminFormViewController.swift; sourceTree = "<group>"; };
		311BA35B24B8BF6900CE1BD9 /* TaskReport.swift */ = {isa = PBXFileReference; lastKnownFileType = sourcecode.swift; path = TaskReport.swift; sourceTree = "<group>"; };
		311BA35D24B8BF8400CE1BD9 /* ReportType.swift */ = {isa = PBXFileReference; lastKnownFileType = sourcecode.swift; path = ReportType.swift; sourceTree = "<group>"; };
		312E7AC02462A7AD00A73363 /* TaskCollectionsTableViewController.swift */ = {isa = PBXFileReference; lastKnownFileType = sourcecode.swift; path = TaskCollectionsTableViewController.swift; sourceTree = "<group>"; };
		312E9A29242A39980073D165 /* CollectionPointMasterViewController.swift */ = {isa = PBXFileReference; lastKnownFileType = sourcecode.swift; path = CollectionPointMasterViewController.swift; sourceTree = "<group>"; };
		312E9A2C242A39F10073D165 /* CollectionPointDetailViewController.swift */ = {isa = PBXFileReference; lastKnownFileType = sourcecode.swift; path = CollectionPointDetailViewController.swift; sourceTree = "<group>"; };
		313172672445E5D800585B7F /* TaskTableViewController.swift */ = {isa = PBXFileReference; lastKnownFileType = sourcecode.swift; path = TaskTableViewController.swift; sourceTree = "<group>"; };
		3133F2012424BD0A001C158C /* RouteMasterViewController.swift */ = {isa = PBXFileReference; lastKnownFileType = sourcecode.swift; path = RouteMasterViewController.swift; sourceTree = "<group>"; };
		3133F2032424BE0F001C158C /* BaseRoute.swift */ = {isa = PBXFileReference; lastKnownFileType = sourcecode.swift; path = BaseRoute.swift; sourceTree = "<group>"; };
		3138F1922421F5CC007C7434 /* CollectionPoint.swift */ = {isa = PBXFileReference; lastKnownFileType = sourcecode.swift; path = CollectionPoint.swift; sourceTree = "<group>"; };
		3153653C243F8BD2001ED8C4 /* CollectionPointDraggableAnnotationView.swift */ = {isa = PBXFileReference; lastKnownFileType = sourcecode.swift; path = CollectionPointDraggableAnnotationView.swift; sourceTree = "<group>"; };
		31538CF524E44DFC00976EEE /* CustomAnnotationView.swift */ = {isa = PBXFileReference; lastKnownFileType = sourcecode.swift; path = CustomAnnotationView.swift; sourceTree = "<group>"; };
		31548739247B8CDB00A16100 /* PageViewController.swift */ = {isa = PBXFileReference; lastKnownFileType = sourcecode.swift; path = PageViewController.swift; sourceTree = "<group>"; };
		3159198424A0B7BB009D064B /* GarbageButton.swift */ = {isa = PBXFileReference; lastKnownFileType = sourcecode.swift; path = GarbageButton.swift; sourceTree = "<group>"; };
		315B21B72499147100257D84 /* TaskCollectionPointPagerCell.swift */ = {isa = PBXFileReference; lastKnownFileType = sourcecode.swift; name = TaskCollectionPointPagerCell.swift; path = TaskCollectionPointPager/TaskCollectionPointPagerCell.swift; sourceTree = "<group>"; };
		315B21B82499147100257D84 /* TaskCollectionPointPagerCell.xib */ = {isa = PBXFileReference; lastKnownFileType = file.xib; name = TaskCollectionPointPagerCell.xib; path = TaskCollectionPointPager/TaskCollectionPointPagerCell.xib; sourceTree = "<group>"; };
		31685D3E24A3738600073493 /* TaskCollectionPointsNotifications.swift */ = {isa = PBXFileReference; lastKnownFileType = sourcecode.swift; path = TaskCollectionPointsNotifications.swift; sourceTree = "<group>"; };
		316D774A24B66A880074549A /* ReportAdminTableViewController.swift */ = {isa = PBXFileReference; lastKnownFileType = sourcecode.swift; path = ReportAdminTableViewController.swift; sourceTree = "<group>"; };
		316D774D24B66DD60074549A /* TaskGarbageAmountTableViewController.swift */ = {isa = PBXFileReference; lastKnownFileType = sourcecode.swift; path = TaskGarbageAmountTableViewController.swift; sourceTree = "<group>"; };
		317325D52484C2EA00799BD5 /* TaskNavigationViewController.swift */ = {isa = PBXFileReference; lastKnownFileType = sourcecode.swift; path = TaskNavigationViewController.swift; sourceTree = "<group>"; };
		317E22FE23C6306C00F8F0C1 /* hirou.app */ = {isa = PBXFileReference; explicitFileType = wrapper.application; includeInIndex = 0; path = hirou.app; sourceTree = BUILT_PRODUCTS_DIR; };
		317E230123C6306C00F8F0C1 /* AppDelegate.swift */ = {isa = PBXFileReference; lastKnownFileType = sourcecode.swift; path = AppDelegate.swift; sourceTree = "<group>"; };
		317E230323C6306C00F8F0C1 /* SceneDelegate.swift */ = {isa = PBXFileReference; lastKnownFileType = sourcecode.swift; path = SceneDelegate.swift; sourceTree = "<group>"; };
		317E230A23C6306C00F8F0C1 /* Base */ = {isa = PBXFileReference; lastKnownFileType = file.storyboard; name = Base; path = Base.lproj/Main.storyboard; sourceTree = "<group>"; };
		317E230C23C6306D00F8F0C1 /* Assets.xcassets */ = {isa = PBXFileReference; lastKnownFileType = folder.assetcatalog; path = Assets.xcassets; sourceTree = "<group>"; };
		317E230F23C6306D00F8F0C1 /* Base */ = {isa = PBXFileReference; lastKnownFileType = file.storyboard; name = Base; path = Base.lproj/LaunchScreen.storyboard; sourceTree = "<group>"; };
		317E231123C6306D00F8F0C1 /* Info.plist */ = {isa = PBXFileReference; lastKnownFileType = text.plist.xml; path = Info.plist; sourceTree = "<group>"; };
		317E231623C6306D00F8F0C1 /* hirouTests.xctest */ = {isa = PBXFileReference; explicitFileType = wrapper.cfbundle; includeInIndex = 0; path = hirouTests.xctest; sourceTree = BUILT_PRODUCTS_DIR; };
		317E231A23C6306D00F8F0C1 /* hirouTests.swift */ = {isa = PBXFileReference; lastKnownFileType = sourcecode.swift; path = hirouTests.swift; sourceTree = "<group>"; };
		317E231C23C6306D00F8F0C1 /* Info.plist */ = {isa = PBXFileReference; lastKnownFileType = text.plist.xml; path = Info.plist; sourceTree = "<group>"; };
		317E232123C6306D00F8F0C1 /* hirouUITests.xctest */ = {isa = PBXFileReference; explicitFileType = wrapper.cfbundle; includeInIndex = 0; path = hirouUITests.xctest; sourceTree = BUILT_PRODUCTS_DIR; };
		317E232523C6306D00F8F0C1 /* hirouUITests.swift */ = {isa = PBXFileReference; lastKnownFileType = sourcecode.swift; path = hirouUITests.swift; sourceTree = "<group>"; };
		317E232723C6306D00F8F0C1 /* Info.plist */ = {isa = PBXFileReference; lastKnownFileType = text.plist.xml; path = Info.plist; sourceTree = "<group>"; };
		31803C2B24AC735D00B8D1C8 /* ImagePicker.swift */ = {isa = PBXFileReference; lastKnownFileType = sourcecode.swift; path = ImagePicker.swift; sourceTree = "<group>"; };
		319035102442731A0020E152 /* CollectionPointPointAnnotation.swift */ = {isa = PBXFileReference; lastKnownFileType = sourcecode.swift; path = CollectionPointPointAnnotation.swift; sourceTree = "<group>"; };
		31920C9B241C074A00A55403 /* RouteDetailViewController.swift */ = {isa = PBXFileReference; lastKnownFileType = sourcecode.swift; path = RouteDetailViewController.swift; sourceTree = "<group>"; };
		31920C9E241CD5D900A55403 /* Location.swift */ = {isa = PBXFileReference; lastKnownFileType = sourcecode.swift; path = Location.swift; sourceTree = "<group>"; };
		31920CA0241CD63600A55403 /* Customer.swift */ = {isa = PBXFileReference; lastKnownFileType = sourcecode.swift; path = Customer.swift; sourceTree = "<group>"; };
		31A882A424A38A2500C3A692 /* CollectionPointsNotifications.swift */ = {isa = PBXFileReference; lastKnownFileType = sourcecode.swift; path = CollectionPointsNotifications.swift; sourceTree = "<group>"; };
		31B09588248F75FC00D560B0 /* Environment.swift */ = {isa = PBXFileReference; lastKnownFileType = sourcecode.swift; path = Environment.swift; sourceTree = "<group>"; };
		31C24F1A2435E6BF000C3206 /* CollectionPointFormViewController.swift */ = {isa = PBXFileReference; lastKnownFileType = sourcecode.swift; path = CollectionPointFormViewController.swift; sourceTree = "<group>"; };
		31C5473E2448C7FE00CE0F6C /* TaskDetailViewController.swift */ = {isa = PBXFileReference; lastKnownFileType = sourcecode.swift; path = TaskDetailViewController.swift; sourceTree = "<group>"; };
		31C9AE012480FB4D00161374 /* TaskAddViewController.swift */ = {isa = PBXFileReference; lastKnownFileType = sourcecode.swift; path = TaskAddViewController.swift; sourceTree = "<group>"; };
		31C9AE032481097B00161374 /* DisabledUITextField.swift */ = {isa = PBXFileReference; lastKnownFileType = sourcecode.swift; path = DisabledUITextField.swift; sourceTree = "<group>"; };
		31CAF1BD254EFB1B006CD083 /* GoogleService-Info.plist */ = {isa = PBXFileReference; fileEncoding = 4; lastKnownFileType = text.plist.xml; path = "GoogleService-Info.plist"; sourceTree = "<group>"; };
		31CF0A41245A0B8500E0F5DC /* CalendarViewController.swift */ = {isa = PBXFileReference; lastKnownFileType = sourcecode.swift; path = CalendarViewController.swift; sourceTree = "<group>"; };
		31DA88B523F3CF7B00713805 /* Vehicle.swift */ = {isa = PBXFileReference; lastKnownFileType = sourcecode.swift; path = Vehicle.swift; sourceTree = "<group>"; };
		31EBE46224477F640023305D /* TaskRoute.swift */ = {isa = PBXFileReference; lastKnownFileType = sourcecode.swift; path = TaskRoute.swift; sourceTree = "<group>"; };
		31EBE46424477FE40023305D /* TaskCollectionPoint.swift */ = {isa = PBXFileReference; lastKnownFileType = sourcecode.swift; path = TaskCollectionPoint.swift; sourceTree = "<group>"; };
		31EBE46624477FED0023305D /* TaskCollection.swift */ = {isa = PBXFileReference; lastKnownFileType = sourcecode.swift; path = TaskCollection.swift; sourceTree = "<group>"; };
		31F26E37255D42E900D08A6E /* UserDefaultsConstants.swift */ = {isa = PBXFileReference; lastKnownFileType = sourcecode.swift; path = UserDefaultsConstants.swift; sourceTree = "<group>"; };
		31F26E49255EA25000D08A6E /* APIHeaders.swift */ = {isa = PBXFileReference; lastKnownFileType = sourcecode.swift; path = APIHeaders.swift; sourceTree = "<group>"; };
		31F57D1B243A600A00903F38 /* GarbageTypesTableViewController.swift */ = {isa = PBXFileReference; lastKnownFileType = sourcecode.swift; path = GarbageTypesTableViewController.swift; sourceTree = "<group>"; };
		31F57D1D243A618500903F38 /* Garbage.swift */ = {isa = PBXFileReference; lastKnownFileType = sourcecode.swift; path = Garbage.swift; sourceTree = "<group>"; };
		31FB0DB22463BF3500856B4C /* TaskCollectionPointTableViewController.swift */ = {isa = PBXFileReference; lastKnownFileType = sourcecode.swift; path = TaskCollectionPointTableViewController.swift; sourceTree = "<group>"; };
		9AE9740D6C8CD4CA3B0744CD /* Pods_hirou.framework */ = {isa = PBXFileReference; explicitFileType = wrapper.framework; includeInIndex = 0; path = Pods_hirou.framework; sourceTree = BUILT_PRODUCTS_DIR; };
		C39C6D95DFF4BD26552FF608 /* Pods-hirou.debug.xcconfig */ = {isa = PBXFileReference; includeInIndex = 1; lastKnownFileType = text.xcconfig; name = "Pods-hirou.debug.xcconfig"; path = "Target Support Files/Pods-hirou/Pods-hirou.debug.xcconfig"; sourceTree = "<group>"; };
/* End PBXFileReference section */

/* Begin PBXFrameworksBuildPhase section */
		317E22FB23C6306C00F8F0C1 /* Frameworks */ = {
			isa = PBXFrameworksBuildPhase;
			buildActionMask = 2147483647;
			files = (
				58514F6DD549292BFD156FB8 /* Pods_hirou.framework in Frameworks */,
			);
			runOnlyForDeploymentPostprocessing = 0;
		};
		317E231323C6306D00F8F0C1 /* Frameworks */ = {
			isa = PBXFrameworksBuildPhase;
			buildActionMask = 2147483647;
			files = (
			);
			runOnlyForDeploymentPostprocessing = 0;
		};
		317E231E23C6306D00F8F0C1 /* Frameworks */ = {
			isa = PBXFrameworksBuildPhase;
			buildActionMask = 2147483647;
			files = (
			);
			runOnlyForDeploymentPostprocessing = 0;
		};
/* End PBXFrameworksBuildPhase section */

/* Begin PBXGroup section */
		312E7ABF2462A78700A73363 /* TaskCollection */ = {
			isa = PBXGroup;
			children = (
				312E7AC02462A7AD00A73363 /* TaskCollectionsTableViewController.swift */,
				3159198424A0B7BB009D064B /* GarbageButton.swift */,
			);
			path = TaskCollection;
			sourceTree = "<group>";
		};
		312E9A2B242A39A70073D165 /* CollectionPoint */ = {
			isa = PBXGroup;
			children = (
				31C24F1A2435E6BF000C3206 /* CollectionPointFormViewController.swift */,
				312E9A29242A39980073D165 /* CollectionPointMasterViewController.swift */,
				312E9A2C242A39F10073D165 /* CollectionPointDetailViewController.swift */,
				31A882A424A38A2500C3A692 /* CollectionPointsNotifications.swift */,
			);
			path = CollectionPoint;
			sourceTree = "<group>";
		};
		314A60CF241F7BF3005418EB /* CreateBaseRoute */ = {
			isa = PBXGroup;
			children = (
				312E9A2B242A39A70073D165 /* CollectionPoint */,
				3133F2012424BD0A001C158C /* RouteMasterViewController.swift */,
				31920C9B241C074A00A55403 /* RouteDetailViewController.swift */,
				31F57D1B243A600A00903F38 /* GarbageTypesTableViewController.swift */,
			);
			path = CreateBaseRoute;
			sourceTree = "<group>";
		};
		3153653B243F8BA0001ED8C4 /* Components */ = {
			isa = PBXGroup;
			children = (
				3153653C243F8BD2001ED8C4 /* CollectionPointDraggableAnnotationView.swift */,
				319035102442731A0020E152 /* CollectionPointPointAnnotation.swift */,
				31C9AE032481097B00161374 /* DisabledUITextField.swift */,
				31803C2B24AC735D00B8D1C8 /* ImagePicker.swift */,
				31538CF524E44DFC00976EEE /* CustomAnnotationView.swift */,
			);
			path = Components;
			sourceTree = "<group>";
		};
		316D774924B66A6B0074549A /* ReportAdmin */ = {
			isa = PBXGroup;
			children = (
				316D774A24B66A880074549A /* ReportAdminTableViewController.swift */,
				311BA35924B8BB5700CE1BD9 /* ReportAdminFormViewController.swift */,
			);
			path = ReportAdmin;
			sourceTree = "<group>";
		};
		316D774C24B66DC30074549A /* InputAmount */ = {
			isa = PBXGroup;
			children = (
				316D774D24B66DD60074549A /* TaskGarbageAmountTableViewController.swift */,
				311BA35524B8AC1700CE1BD9 /* TaskGarbageAmountFormViewController.swift */,
			);
			path = InputAmount;
			sourceTree = "<group>";
		};
		317325D42484C2AF00799BD5 /* Task */ = {
			isa = PBXGroup;
			children = (
				31C9AE012480FB4D00161374 /* TaskAddViewController.swift */,
				31C5473E2448C7FE00CE0F6C /* TaskDetailViewController.swift */,
				313172672445E5D800585B7F /* TaskTableViewController.swift */,
			);
			path = Task;
			sourceTree = "<group>";
		};
		317E22F523C6306C00F8F0C1 = {
			isa = PBXGroup;
			children = (
				317E230023C6306C00F8F0C1 /* hirou */,
				317E231923C6306D00F8F0C1 /* hirouTests */,
				317E232423C6306D00F8F0C1 /* hirouUITests */,
				317E22FF23C6306C00F8F0C1 /* Products */,
				F32DF9D13CAD0252E8D582DF /* Pods */,
				5E7FE8B695FD7659A6ADE524 /* Frameworks */,
			);
			sourceTree = "<group>";
		};
		317E22FF23C6306C00F8F0C1 /* Products */ = {
			isa = PBXGroup;
			children = (
				317E22FE23C6306C00F8F0C1 /* hirou.app */,
				317E231623C6306D00F8F0C1 /* hirouTests.xctest */,
				317E232123C6306D00F8F0C1 /* hirouUITests.xctest */,
			);
			name = Products;
			sourceTree = "<group>";
		};
		317E230023C6306C00F8F0C1 /* hirou */ = {
			isa = PBXGroup;
			children = (
				31F26E48255EA23600D08A6E /* Helpers */,
				31F26E36255D42CF00D08A6E /* Constants */,
				31CAF1BD254EFB1B006CD083 /* GoogleService-Info.plist */,
				3153653B243F8BA0001ED8C4 /* Components */,
				3199089C2427656900E028E1 /* Management */,
				31920C9D241CC6BC00A55403 /* models */,
				314A60CF241F7BF3005418EB /* CreateBaseRoute */,
				317E230123C6306C00F8F0C1 /* AppDelegate.swift */,
				317E230E23C6306D00F8F0C1 /* LaunchScreen.storyboard */,
				317E230323C6306C00F8F0C1 /* SceneDelegate.swift */,
				317E231123C6306D00F8F0C1 /* Info.plist */,
				317E230C23C6306D00F8F0C1 /* Assets.xcassets */,
				317E230923C6306C00F8F0C1 /* Main.storyboard */,
				31093F9C23CFA6B40025679A /* LoginViewController.swift */,
				31B09588248F75FC00D560B0 /* Environment.swift */,
			);
			path = hirou;
			sourceTree = "<group>";
		};
		317E231923C6306D00F8F0C1 /* hirouTests */ = {
			isa = PBXGroup;
			children = (
				317E231A23C6306D00F8F0C1 /* hirouTests.swift */,
				317E231C23C6306D00F8F0C1 /* Info.plist */,
			);
			path = hirouTests;
			sourceTree = "<group>";
		};
		317E232423C6306D00F8F0C1 /* hirouUITests */ = {
			isa = PBXGroup;
			children = (
				317E232523C6306D00F8F0C1 /* hirouUITests.swift */,
				317E232723C6306D00F8F0C1 /* Info.plist */,
			);
			path = hirouUITests;
			sourceTree = "<group>";
		};
		31920C9D241CC6BC00A55403 /* models */ = {
			isa = PBXGroup;
			children = (
				31DA88B523F3CF7B00713805 /* Vehicle.swift */,
				31920C9E241CD5D900A55403 /* Location.swift */,
				31920CA0241CD63600A55403 /* Customer.swift */,
				3133F2032424BE0F001C158C /* BaseRoute.swift */,
				3138F1922421F5CC007C7434 /* CollectionPoint.swift */,
				31F57D1D243A618500903F38 /* Garbage.swift */,
				31EBE46224477F640023305D /* TaskRoute.swift */,
				31EBE46424477FE40023305D /* TaskCollectionPoint.swift */,
				31EBE46624477FED0023305D /* TaskCollection.swift */,
				311BA35724B8B08B00CE1BD9 /* TaskAmount.swift */,
				311BA35B24B8BF6900CE1BD9 /* TaskReport.swift */,
				311BA35D24B8BF8400CE1BD9 /* ReportType.swift */,
			);
			path = models;
			sourceTree = "<group>";
		};
		3199089C2427656900E028E1 /* Management */ = {
			isa = PBXGroup;
			children = (
				316D774C24B66DC30074549A /* InputAmount */,
				316D774924B66A6B0074549A /* ReportAdmin */,
				317325D42484C2AF00799BD5 /* Task */,
				31FB0DB12463BEEB00856B4C /* TaskCollectionPoint */,
				312E7ABF2462A78700A73363 /* TaskCollection */,
				31CF0A41245A0B8500E0F5DC /* CalendarViewController.swift */,
				31548739247B8CDB00A16100 /* PageViewController.swift */,
				317325D52484C2EA00799BD5 /* TaskNavigationViewController.swift */,
				315B21B72499147100257D84 /* TaskCollectionPointPagerCell.swift */,
				315B21B82499147100257D84 /* TaskCollectionPointPagerCell.xib */,
			);
			path = Management;
			sourceTree = "<group>";
		};
		31F26E36255D42CF00D08A6E /* Constants */ = {
			isa = PBXGroup;
			children = (
				31F26E37255D42E900D08A6E /* UserDefaultsConstants.swift */,
			);
			path = Constants;
			sourceTree = "<group>";
		};
		31F26E48255EA23600D08A6E /* Helpers */ = {
			isa = PBXGroup;
			children = (
				31F26E49255EA25000D08A6E /* APIHeaders.swift */,
			);
			path = Helpers;
			sourceTree = "<group>";
		};
		31FB0DB12463BEEB00856B4C /* TaskCollectionPoint */ = {
			isa = PBXGroup;
			children = (
				31FB0DB22463BF3500856B4C /* TaskCollectionPointTableViewController.swift */,
				31685D3E24A3738600073493 /* TaskCollectionPointsNotifications.swift */,
			);
			path = TaskCollectionPoint;
			sourceTree = "<group>";
		};
		5E7FE8B695FD7659A6ADE524 /* Frameworks */ = {
			isa = PBXGroup;
			children = (
				9AE9740D6C8CD4CA3B0744CD /* Pods_hirou.framework */,
			);
			name = Frameworks;
			sourceTree = "<group>";
		};
		F32DF9D13CAD0252E8D582DF /* Pods */ = {
			isa = PBXGroup;
			children = (
				C39C6D95DFF4BD26552FF608 /* Pods-hirou.debug.xcconfig */,
				09B53D18299FA1A1A9AA36ED /* Pods-hirou.release.xcconfig */,
			);
			path = Pods;
			sourceTree = "<group>";
		};
/* End PBXGroup section */

/* Begin PBXNativeTarget section */
		317E22FD23C6306C00F8F0C1 /* hirou */ = {
			isa = PBXNativeTarget;
			buildConfigurationList = 317E232A23C6306D00F8F0C1 /* Build configuration list for PBXNativeTarget "hirou" */;
			buildPhases = (
				12E0F8C97E1F776E1EF8349D /* [CP] Check Pods Manifest.lock */,
				317E22FA23C6306C00F8F0C1 /* Sources */,
				317E22FB23C6306C00F8F0C1 /* Frameworks */,
				317E22FC23C6306C00F8F0C1 /* Resources */,
				A78C4069DD99AE826BCF423F /* [CP] Embed Pods Frameworks */,
			);
			buildRules = (
			);
			dependencies = (
			);
			name = hirou;
			productName = hirou;
			productReference = 317E22FE23C6306C00F8F0C1 /* hirou.app */;
			productType = "com.apple.product-type.application";
		};
		317E231523C6306D00F8F0C1 /* hirouTests */ = {
			isa = PBXNativeTarget;
			buildConfigurationList = 317E232D23C6306D00F8F0C1 /* Build configuration list for PBXNativeTarget "hirouTests" */;
			buildPhases = (
				317E231223C6306D00F8F0C1 /* Sources */,
				317E231323C6306D00F8F0C1 /* Frameworks */,
				317E231423C6306D00F8F0C1 /* Resources */,
			);
			buildRules = (
			);
			dependencies = (
				317E231823C6306D00F8F0C1 /* PBXTargetDependency */,
			);
			name = hirouTests;
			productName = hirouTests;
			productReference = 317E231623C6306D00F8F0C1 /* hirouTests.xctest */;
			productType = "com.apple.product-type.bundle.unit-test";
		};
		317E232023C6306D00F8F0C1 /* hirouUITests */ = {
			isa = PBXNativeTarget;
			buildConfigurationList = 317E233023C6306D00F8F0C1 /* Build configuration list for PBXNativeTarget "hirouUITests" */;
			buildPhases = (
				317E231D23C6306D00F8F0C1 /* Sources */,
				317E231E23C6306D00F8F0C1 /* Frameworks */,
				317E231F23C6306D00F8F0C1 /* Resources */,
			);
			buildRules = (
			);
			dependencies = (
				317E232323C6306D00F8F0C1 /* PBXTargetDependency */,
			);
			name = hirouUITests;
			productName = hirouUITests;
			productReference = 317E232123C6306D00F8F0C1 /* hirouUITests.xctest */;
			productType = "com.apple.product-type.bundle.ui-testing";
		};
/* End PBXNativeTarget section */

/* Begin PBXProject section */
		317E22F623C6306C00F8F0C1 /* Project object */ = {
			isa = PBXProject;
			attributes = {
				LastSwiftUpdateCheck = 1130;
				LastUpgradeCheck = 1130;
				ORGANIZATIONNAME = "Dipansh Khandelwal";
				TargetAttributes = {
					317E22FD23C6306C00F8F0C1 = {
						CreatedOnToolsVersion = 11.3;
					};
					317E231523C6306D00F8F0C1 = {
						CreatedOnToolsVersion = 11.3;
						TestTargetID = 317E22FD23C6306C00F8F0C1;
					};
					317E232023C6306D00F8F0C1 = {
						CreatedOnToolsVersion = 11.3;
						TestTargetID = 317E22FD23C6306C00F8F0C1;
					};
				};
			};
			buildConfigurationList = 317E22F923C6306C00F8F0C1 /* Build configuration list for PBXProject "hirou" */;
			compatibilityVersion = "Xcode 9.3";
			developmentRegion = en;
			hasScannedForEncodings = 0;
			knownRegions = (
				en,
				Base,
			);
			mainGroup = 317E22F523C6306C00F8F0C1;
			productRefGroup = 317E22FF23C6306C00F8F0C1 /* Products */;
			projectDirPath = "";
			projectRoot = "";
			targets = (
				317E22FD23C6306C00F8F0C1 /* hirou */,
				317E231523C6306D00F8F0C1 /* hirouTests */,
				317E232023C6306D00F8F0C1 /* hirouUITests */,
			);
		};
/* End PBXProject section */

/* Begin PBXResourcesBuildPhase section */
		317E22FC23C6306C00F8F0C1 /* Resources */ = {
			isa = PBXResourcesBuildPhase;
			buildActionMask = 2147483647;
			files = (
				317E231023C6306D00F8F0C1 /* LaunchScreen.storyboard in Resources */,
				317E230D23C6306D00F8F0C1 /* Assets.xcassets in Resources */,
				31CAF1BE254EFB1B006CD083 /* GoogleService-Info.plist in Resources */,
				315B21BA2499147100257D84 /* TaskCollectionPointPagerCell.xib in Resources */,
				317E230B23C6306C00F8F0C1 /* Main.storyboard in Resources */,
			);
			runOnlyForDeploymentPostprocessing = 0;
		};
		317E231423C6306D00F8F0C1 /* Resources */ = {
			isa = PBXResourcesBuildPhase;
			buildActionMask = 2147483647;
			files = (
			);
			runOnlyForDeploymentPostprocessing = 0;
		};
		317E231F23C6306D00F8F0C1 /* Resources */ = {
			isa = PBXResourcesBuildPhase;
			buildActionMask = 2147483647;
			files = (
			);
			runOnlyForDeploymentPostprocessing = 0;
		};
/* End PBXResourcesBuildPhase section */

/* Begin PBXShellScriptBuildPhase section */
		12E0F8C97E1F776E1EF8349D /* [CP] Check Pods Manifest.lock */ = {
			isa = PBXShellScriptBuildPhase;
			buildActionMask = 2147483647;
			files = (
			);
			inputFileListPaths = (
			);
			inputPaths = (
				"${PODS_PODFILE_DIR_PATH}/Podfile.lock",
				"${PODS_ROOT}/Manifest.lock",
			);
			name = "[CP] Check Pods Manifest.lock";
			outputFileListPaths = (
			);
			outputPaths = (
				"$(DERIVED_FILE_DIR)/Pods-hirou-checkManifestLockResult.txt",
			);
			runOnlyForDeploymentPostprocessing = 0;
			shellPath = /bin/sh;
			shellScript = "diff \"${PODS_PODFILE_DIR_PATH}/Podfile.lock\" \"${PODS_ROOT}/Manifest.lock\" > /dev/null\nif [ $? != 0 ] ; then\n    # print error to STDERR\n    echo \"error: The sandbox is not in sync with the Podfile.lock. Run 'pod install' or update your CocoaPods installation.\" >&2\n    exit 1\nfi\n# This output is used by Xcode 'outputs' to avoid re-running this script phase.\necho \"SUCCESS\" > \"${SCRIPT_OUTPUT_FILE_0}\"\n";
			showEnvVarsInLog = 0;
		};
		A78C4069DD99AE826BCF423F /* [CP] Embed Pods Frameworks */ = {
			isa = PBXShellScriptBuildPhase;
			buildActionMask = 2147483647;
			files = (
			);
			inputFileListPaths = (
				"${PODS_ROOT}/Target Support Files/Pods-hirou/Pods-hirou-frameworks-${CONFIGURATION}-input-files.xcfilelist",
			);
			name = "[CP] Embed Pods Frameworks";
			outputFileListPaths = (
				"${PODS_ROOT}/Target Support Files/Pods-hirou/Pods-hirou-frameworks-${CONFIGURATION}-output-files.xcfilelist",
			);
			runOnlyForDeploymentPostprocessing = 0;
			shellPath = /bin/sh;
			shellScript = "\"${PODS_ROOT}/Target Support Files/Pods-hirou/Pods-hirou-frameworks.sh\"\n";
			showEnvVarsInLog = 0;
		};
/* End PBXShellScriptBuildPhase section */

/* Begin PBXSourcesBuildPhase section */
		317E22FA23C6306C00F8F0C1 /* Sources */ = {
			isa = PBXSourcesBuildPhase;
			buildActionMask = 2147483647;
			files = (
				31C24F1B2435E6BF000C3206 /* CollectionPointFormViewController.swift in Sources */,
				31920C9C241C074A00A55403 /* RouteDetailViewController.swift in Sources */,
				31DA88B623F3CF7B00713805 /* Vehicle.swift in Sources */,
				3138F1932421F5CC007C7434 /* CollectionPoint.swift in Sources */,
				317E230223C6306C00F8F0C1 /* AppDelegate.swift in Sources */,
				31FB0DB32463BF3500856B4C /* TaskCollectionPointTableViewController.swift in Sources */,
				317E230423C6306C00F8F0C1 /* SceneDelegate.swift in Sources */,
				311BA35824B8B08B00CE1BD9 /* TaskAmount.swift in Sources */,
				31920CA1241CD63600A55403 /* Customer.swift in Sources */,
				31EBE46724477FED0023305D /* TaskCollection.swift in Sources */,
				311BA35624B8AC1700CE1BD9 /* TaskGarbageAmountFormViewController.swift in Sources */,
				31A882A524A38A2500C3A692 /* CollectionPointsNotifications.swift in Sources */,
				31C9AE022480FB4D00161374 /* TaskAddViewController.swift in Sources */,
				311BA35E24B8BF8400CE1BD9 /* ReportType.swift in Sources */,
				316D774B24B66A880074549A /* ReportAdminTableViewController.swift in Sources */,
				311BA35A24B8BB5700CE1BD9 /* ReportAdminFormViewController.swift in Sources */,
				3153653D243F8BD2001ED8C4 /* CollectionPointDraggableAnnotationView.swift in Sources */,
				31F57D1E243A618500903F38 /* Garbage.swift in Sources */,
				317325D62484C2EA00799BD5 /* TaskNavigationViewController.swift in Sources */,
				31538CF624E44DFC00976EEE /* CustomAnnotationView.swift in Sources */,
				31920C9F241CD5D900A55403 /* Location.swift in Sources */,
				31093F9D23CFA6B40025679A /* LoginViewController.swift in Sources */,
				31F26E38255D42E900D08A6E /* UserDefaultsConstants.swift in Sources */,
				31EBE46324477F640023305D /* TaskRoute.swift in Sources */,
				31803C2C24AC735D00B8D1C8 /* ImagePicker.swift in Sources */,
				31C9AE042481097B00161374 /* DisabledUITextField.swift in Sources */,
				316D774E24B66DD60074549A /* TaskGarbageAmountTableViewController.swift in Sources */,
				31CF0A42245A0B8500E0F5DC /* CalendarViewController.swift in Sources */,
				3133F2022424BD0A001C158C /* RouteMasterViewController.swift in Sources */,
				311BA35C24B8BF6900CE1BD9 /* TaskReport.swift in Sources */,
				3159198524A0B7BB009D064B /* GarbageButton.swift in Sources */,
				31B09589248F75FC00D560B0 /* Environment.swift in Sources */,
				31F26E4A255EA25000D08A6E /* APIHeaders.swift in Sources */,
				3133F2042424BE0F001C158C /* BaseRoute.swift in Sources */,
				313172682445E5D800585B7F /* TaskTableViewController.swift in Sources */,
				312E9A2A242A39980073D165 /* CollectionPointMasterViewController.swift in Sources */,
				319035112442731A0020E152 /* CollectionPointPointAnnotation.swift in Sources */,
				31685D3F24A3738600073493 /* TaskCollectionPointsNotifications.swift in Sources */,
				31C5473F2448C7FE00CE0F6C /* TaskDetailViewController.swift in Sources */,
				31EBE46524477FE40023305D /* TaskCollectionPoint.swift in Sources */,
				312E7AC12462A7AD00A73363 /* TaskCollectionsTableViewController.swift in Sources */,
				3154873A247B8CDB00A16100 /* PageViewController.swift in Sources */,
				312E9A2D242A39F10073D165 /* CollectionPointDetailViewController.swift in Sources */,
				31F57D1C243A600A00903F38 /* GarbageTypesTableViewController.swift in Sources */,
				315B21B92499147100257D84 /* TaskCollectionPointPagerCell.swift in Sources */,
			);
			runOnlyForDeploymentPostprocessing = 0;
		};
		317E231223C6306D00F8F0C1 /* Sources */ = {
			isa = PBXSourcesBuildPhase;
			buildActionMask = 2147483647;
			files = (
				317E231B23C6306D00F8F0C1 /* hirouTests.swift in Sources */,
			);
			runOnlyForDeploymentPostprocessing = 0;
		};
		317E231D23C6306D00F8F0C1 /* Sources */ = {
			isa = PBXSourcesBuildPhase;
			buildActionMask = 2147483647;
			files = (
				317E232623C6306D00F8F0C1 /* hirouUITests.swift in Sources */,
			);
			runOnlyForDeploymentPostprocessing = 0;
		};
/* End PBXSourcesBuildPhase section */

/* Begin PBXTargetDependency section */
		317E231823C6306D00F8F0C1 /* PBXTargetDependency */ = {
			isa = PBXTargetDependency;
			target = 317E22FD23C6306C00F8F0C1 /* hirou */;
			targetProxy = 317E231723C6306D00F8F0C1 /* PBXContainerItemProxy */;
		};
		317E232323C6306D00F8F0C1 /* PBXTargetDependency */ = {
			isa = PBXTargetDependency;
			target = 317E22FD23C6306C00F8F0C1 /* hirou */;
			targetProxy = 317E232223C6306D00F8F0C1 /* PBXContainerItemProxy */;
		};
/* End PBXTargetDependency section */

/* Begin PBXVariantGroup section */
		317E230923C6306C00F8F0C1 /* Main.storyboard */ = {
			isa = PBXVariantGroup;
			children = (
				317E230A23C6306C00F8F0C1 /* Base */,
			);
			name = Main.storyboard;
			sourceTree = "<group>";
		};
		317E230E23C6306D00F8F0C1 /* LaunchScreen.storyboard */ = {
			isa = PBXVariantGroup;
			children = (
				317E230F23C6306D00F8F0C1 /* Base */,
			);
			name = LaunchScreen.storyboard;
			sourceTree = "<group>";
		};
/* End PBXVariantGroup section */

/* Begin XCBuildConfiguration section */
		317E232823C6306D00F8F0C1 /* Debug */ = {
			isa = XCBuildConfiguration;
			buildSettings = {
				ALWAYS_SEARCH_USER_PATHS = NO;
				CLANG_ANALYZER_NONNULL = YES;
				CLANG_ANALYZER_NUMBER_OBJECT_CONVERSION = YES_AGGRESSIVE;
				CLANG_CXX_LANGUAGE_STANDARD = "gnu++14";
				CLANG_CXX_LIBRARY = "libc++";
				CLANG_ENABLE_MODULES = YES;
				CLANG_ENABLE_OBJC_ARC = YES;
				CLANG_ENABLE_OBJC_WEAK = YES;
				CLANG_WARN_BLOCK_CAPTURE_AUTORELEASING = YES;
				CLANG_WARN_BOOL_CONVERSION = YES;
				CLANG_WARN_COMMA = YES;
				CLANG_WARN_CONSTANT_CONVERSION = YES;
				CLANG_WARN_DEPRECATED_OBJC_IMPLEMENTATIONS = YES;
				CLANG_WARN_DIRECT_OBJC_ISA_USAGE = YES_ERROR;
				CLANG_WARN_DOCUMENTATION_COMMENTS = YES;
				CLANG_WARN_EMPTY_BODY = YES;
				CLANG_WARN_ENUM_CONVERSION = YES;
				CLANG_WARN_INFINITE_RECURSION = YES;
				CLANG_WARN_INT_CONVERSION = YES;
				CLANG_WARN_NON_LITERAL_NULL_CONVERSION = YES;
				CLANG_WARN_OBJC_IMPLICIT_RETAIN_SELF = YES;
				CLANG_WARN_OBJC_LITERAL_CONVERSION = YES;
				CLANG_WARN_OBJC_ROOT_CLASS = YES_ERROR;
				CLANG_WARN_RANGE_LOOP_ANALYSIS = YES;
				CLANG_WARN_STRICT_PROTOTYPES = YES;
				CLANG_WARN_SUSPICIOUS_MOVE = YES;
				CLANG_WARN_UNGUARDED_AVAILABILITY = YES_AGGRESSIVE;
				CLANG_WARN_UNREACHABLE_CODE = YES;
				CLANG_WARN__DUPLICATE_METHOD_MATCH = YES;
				COPY_PHASE_STRIP = NO;
				DEBUG_INFORMATION_FORMAT = dwarf;
				ENABLE_STRICT_OBJC_MSGSEND = YES;
				ENABLE_TESTABILITY = YES;
				GCC_C_LANGUAGE_STANDARD = gnu11;
				GCC_DYNAMIC_NO_PIC = NO;
				GCC_NO_COMMON_BLOCKS = YES;
				GCC_OPTIMIZATION_LEVEL = 0;
				GCC_PREPROCESSOR_DEFINITIONS = (
					"DEBUG=1",
					"$(inherited)",
				);
				GCC_WARN_64_TO_32_BIT_CONVERSION = YES;
				GCC_WARN_ABOUT_RETURN_TYPE = YES_ERROR;
				GCC_WARN_UNDECLARED_SELECTOR = YES;
				GCC_WARN_UNINITIALIZED_AUTOS = YES_AGGRESSIVE;
				GCC_WARN_UNUSED_FUNCTION = YES;
				GCC_WARN_UNUSED_VARIABLE = YES;
				IPHONEOS_DEPLOYMENT_TARGET = 13.2;
				MTL_ENABLE_DEBUG_INFO = INCLUDE_SOURCE;
				MTL_FAST_MATH = YES;
				ONLY_ACTIVE_ARCH = YES;
				SDKROOT = iphoneos;
				SWIFT_ACTIVE_COMPILATION_CONDITIONS = DEBUG;
				SWIFT_OPTIMIZATION_LEVEL = "-Onone";
				SWIFT_VERSION = "";
			};
			name = Debug;
		};
		317E232923C6306D00F8F0C1 /* Release */ = {
			isa = XCBuildConfiguration;
			buildSettings = {
				ALWAYS_SEARCH_USER_PATHS = NO;
				CLANG_ANALYZER_NONNULL = YES;
				CLANG_ANALYZER_NUMBER_OBJECT_CONVERSION = YES_AGGRESSIVE;
				CLANG_CXX_LANGUAGE_STANDARD = "gnu++14";
				CLANG_CXX_LIBRARY = "libc++";
				CLANG_ENABLE_MODULES = YES;
				CLANG_ENABLE_OBJC_ARC = YES;
				CLANG_ENABLE_OBJC_WEAK = YES;
				CLANG_WARN_BLOCK_CAPTURE_AUTORELEASING = YES;
				CLANG_WARN_BOOL_CONVERSION = YES;
				CLANG_WARN_COMMA = YES;
				CLANG_WARN_CONSTANT_CONVERSION = YES;
				CLANG_WARN_DEPRECATED_OBJC_IMPLEMENTATIONS = YES;
				CLANG_WARN_DIRECT_OBJC_ISA_USAGE = YES_ERROR;
				CLANG_WARN_DOCUMENTATION_COMMENTS = YES;
				CLANG_WARN_EMPTY_BODY = YES;
				CLANG_WARN_ENUM_CONVERSION = YES;
				CLANG_WARN_INFINITE_RECURSION = YES;
				CLANG_WARN_INT_CONVERSION = YES;
				CLANG_WARN_NON_LITERAL_NULL_CONVERSION = YES;
				CLANG_WARN_OBJC_IMPLICIT_RETAIN_SELF = YES;
				CLANG_WARN_OBJC_LITERAL_CONVERSION = YES;
				CLANG_WARN_OBJC_ROOT_CLASS = YES_ERROR;
				CLANG_WARN_RANGE_LOOP_ANALYSIS = YES;
				CLANG_WARN_STRICT_PROTOTYPES = YES;
				CLANG_WARN_SUSPICIOUS_MOVE = YES;
				CLANG_WARN_UNGUARDED_AVAILABILITY = YES_AGGRESSIVE;
				CLANG_WARN_UNREACHABLE_CODE = YES;
				CLANG_WARN__DUPLICATE_METHOD_MATCH = YES;
				COPY_PHASE_STRIP = NO;
				DEBUG_INFORMATION_FORMAT = "dwarf-with-dsym";
				ENABLE_NS_ASSERTIONS = NO;
				ENABLE_STRICT_OBJC_MSGSEND = YES;
				GCC_C_LANGUAGE_STANDARD = gnu11;
				GCC_NO_COMMON_BLOCKS = YES;
				GCC_WARN_64_TO_32_BIT_CONVERSION = YES;
				GCC_WARN_ABOUT_RETURN_TYPE = YES_ERROR;
				GCC_WARN_UNDECLARED_SELECTOR = YES;
				GCC_WARN_UNINITIALIZED_AUTOS = YES_AGGRESSIVE;
				GCC_WARN_UNUSED_FUNCTION = YES;
				GCC_WARN_UNUSED_VARIABLE = YES;
				IPHONEOS_DEPLOYMENT_TARGET = 13.2;
				MTL_ENABLE_DEBUG_INFO = NO;
				MTL_FAST_MATH = YES;
				SDKROOT = iphoneos;
				SWIFT_COMPILATION_MODE = wholemodule;
				SWIFT_OPTIMIZATION_LEVEL = "-O";
				SWIFT_VERSION = "";
				VALIDATE_PRODUCT = YES;
			};
			name = Release;
		};
		317E232B23C6306D00F8F0C1 /* Debug */ = {
			isa = XCBuildConfiguration;
			baseConfigurationReference = C39C6D95DFF4BD26552FF608 /* Pods-hirou.debug.xcconfig */;
			buildSettings = {
				ASSETCATALOG_COMPILER_APPICON_NAME = AppIcon;
				CODE_SIGN_STYLE = Automatic;
				DEVELOPMENT_TEAM = J48KX9BRF2;
				INFOPLIST_FILE = hirou/Info.plist;
				LD_RUNPATH_SEARCH_PATHS = (
					"$(inherited)",
					"@executable_path/Frameworks",
				);
				PRODUCT_BUNDLE_IDENTIFIER = dipansh.khandelwal.hirou;
				PRODUCT_NAME = "$(TARGET_NAME)";
				SWIFT_VERSION = 5.0;
				TARGETED_DEVICE_FAMILY = "1,2";
			};
			name = Debug;
		};
		317E232C23C6306D00F8F0C1 /* Release */ = {
			isa = XCBuildConfiguration;
			baseConfigurationReference = 09B53D18299FA1A1A9AA36ED /* Pods-hirou.release.xcconfig */;
			buildSettings = {
				ASSETCATALOG_COMPILER_APPICON_NAME = AppIcon;
				CODE_SIGN_STYLE = Automatic;
				DEVELOPMENT_TEAM = J48KX9BRF2;
				INFOPLIST_FILE = hirou/Info.plist;
				LD_RUNPATH_SEARCH_PATHS = (
					"$(inherited)",
					"@executable_path/Frameworks",
				);
				PRODUCT_BUNDLE_IDENTIFIER = dipansh.khandelwal.hirou;
				PRODUCT_NAME = "$(TARGET_NAME)";
				SWIFT_VERSION = 5.0;
				TARGETED_DEVICE_FAMILY = "1,2";
			};
			name = Release;
		};
		317E232E23C6306D00F8F0C1 /* Debug */ = {
			isa = XCBuildConfiguration;
			buildSettings = {
				ALWAYS_EMBED_SWIFT_STANDARD_LIBRARIES = YES;
				BUNDLE_LOADER = "$(TEST_HOST)";
				CODE_SIGN_STYLE = Automatic;
				INFOPLIST_FILE = hirouTests/Info.plist;
				IPHONEOS_DEPLOYMENT_TARGET = 13.2;
				LD_RUNPATH_SEARCH_PATHS = (
					"$(inherited)",
					"@executable_path/Frameworks",
					"@loader_path/Frameworks",
				);
				PRODUCT_BUNDLE_IDENTIFIER = dipansh.khandelwal.hirouTests;
				PRODUCT_NAME = "$(TARGET_NAME)";
				SWIFT_VERSION = 5.0;
				TARGETED_DEVICE_FAMILY = "1,2";
				TEST_HOST = "$(BUILT_PRODUCTS_DIR)/hirou.app/hirou";
			};
			name = Debug;
		};
		317E232F23C6306D00F8F0C1 /* Release */ = {
			isa = XCBuildConfiguration;
			buildSettings = {
				ALWAYS_EMBED_SWIFT_STANDARD_LIBRARIES = YES;
				BUNDLE_LOADER = "$(TEST_HOST)";
				CODE_SIGN_STYLE = Automatic;
				INFOPLIST_FILE = hirouTests/Info.plist;
				IPHONEOS_DEPLOYMENT_TARGET = 13.2;
				LD_RUNPATH_SEARCH_PATHS = (
					"$(inherited)",
					"@executable_path/Frameworks",
					"@loader_path/Frameworks",
				);
				PRODUCT_BUNDLE_IDENTIFIER = dipansh.khandelwal.hirouTests;
				PRODUCT_NAME = "$(TARGET_NAME)";
				SWIFT_VERSION = 5.0;
				TARGETED_DEVICE_FAMILY = "1,2";
				TEST_HOST = "$(BUILT_PRODUCTS_DIR)/hirou.app/hirou";
			};
			name = Release;
		};
		317E233123C6306D00F8F0C1 /* Debug */ = {
			isa = XCBuildConfiguration;
			buildSettings = {
				ALWAYS_EMBED_SWIFT_STANDARD_LIBRARIES = YES;
				CODE_SIGN_STYLE = Automatic;
				INFOPLIST_FILE = hirouUITests/Info.plist;
				LD_RUNPATH_SEARCH_PATHS = (
					"$(inherited)",
					"@executable_path/Frameworks",
					"@loader_path/Frameworks",
				);
				PRODUCT_BUNDLE_IDENTIFIER = dipansh.khandelwal.hirouUITests;
				PRODUCT_NAME = "$(TARGET_NAME)";
				SWIFT_VERSION = 5.0;
				TARGETED_DEVICE_FAMILY = "1,2";
				TEST_TARGET_NAME = hirou;
			};
			name = Debug;
		};
		317E233223C6306D00F8F0C1 /* Release */ = {
			isa = XCBuildConfiguration;
			buildSettings = {
				ALWAYS_EMBED_SWIFT_STANDARD_LIBRARIES = YES;
				CODE_SIGN_STYLE = Automatic;
				INFOPLIST_FILE = hirouUITests/Info.plist;
				LD_RUNPATH_SEARCH_PATHS = (
					"$(inherited)",
					"@executable_path/Frameworks",
					"@loader_path/Frameworks",
				);
				PRODUCT_BUNDLE_IDENTIFIER = dipansh.khandelwal.hirouUITests;
				PRODUCT_NAME = "$(TARGET_NAME)";
				SWIFT_VERSION = 5.0;
				TARGETED_DEVICE_FAMILY = "1,2";
				TEST_TARGET_NAME = hirou;
			};
			name = Release;
		};
/* End XCBuildConfiguration section */

/* Begin XCConfigurationList section */
		317E22F923C6306C00F8F0C1 /* Build configuration list for PBXProject "hirou" */ = {
			isa = XCConfigurationList;
			buildConfigurations = (
				317E232823C6306D00F8F0C1 /* Debug */,
				317E232923C6306D00F8F0C1 /* Release */,
			);
			defaultConfigurationIsVisible = 0;
			defaultConfigurationName = Release;
		};
		317E232A23C6306D00F8F0C1 /* Build configuration list for PBXNativeTarget "hirou" */ = {
			isa = XCConfigurationList;
			buildConfigurations = (
				317E232B23C6306D00F8F0C1 /* Debug */,
				317E232C23C6306D00F8F0C1 /* Release */,
			);
			defaultConfigurationIsVisible = 0;
			defaultConfigurationName = Release;
		};
		317E232D23C6306D00F8F0C1 /* Build configuration list for PBXNativeTarget "hirouTests" */ = {
			isa = XCConfigurationList;
			buildConfigurations = (
				317E232E23C6306D00F8F0C1 /* Debug */,
				317E232F23C6306D00F8F0C1 /* Release */,
			);
			defaultConfigurationIsVisible = 0;
			defaultConfigurationName = Release;
		};
		317E233023C6306D00F8F0C1 /* Build configuration list for PBXNativeTarget "hirouUITests" */ = {
			isa = XCConfigurationList;
			buildConfigurations = (
				317E233123C6306D00F8F0C1 /* Debug */,
				317E233223C6306D00F8F0C1 /* Release */,
			);
			defaultConfigurationIsVisible = 0;
			defaultConfigurationName = Release;
		};
/* End XCConfigurationList section */
	};
	rootObject = 317E22F623C6306C00F8F0C1 /* Project object */;
}
